
Microsoft Visual Studio Solution File, Format Version 12.00
# Visual Studio 15
VisualStudioVersion = 15.0.28307.329
MinimumVisualStudioVersion = 10.0.40219.1
Project("{FAE04EC0-301F-11D3-BF4B-00C04F79EFBC}") = "NorthwindEkonomi.Entities", "NorthwindEkonomi.Entities\NorthwindEkonomi.Entities.csproj", "{8FBA7FA8-08CD-438A-BF6F-20D41FCBADAA}"
EndProject
Project("{FAE04EC0-301F-11D3-BF4B-00C04F79EFBC}") = "NorthwindEkonomi.DataAccess", "NorthwindEkonomi.DataAccess\NorthwindEkonomi.DataAccess.csproj", "{853AE00D-A771-49D3-9108-D6B016AF0800}"
EndProject
Project("{FAE04EC0-301F-11D3-BF4B-00C04F79EFBC}") = "NorthwindEkonomi.Business", "NorthwindEkonomi.Business\NorthwindEkonomi.Business.csproj", "{2B859B54-E9C4-4D19-BB24-8A3E2C30B098}"
EndProject
Project("{FAE04EC0-301F-11D3-BF4B-00C04F79EFBC}") = "NorthwindEkonomi.MvcUI", "NorthwindEkonomi.MvcUI\NorthwindEkonomi.MvcUI.csproj", "{AE1D573B-DA96-4E17-B35D-B197F7B57A9C}"
EndProject
Project("{FAE04EC0-301F-11D3-BF4B-00C04F79EFBC}") = "EkonomiCore", "EkonomiCore\EkonomiCore.csproj", "{041467BA-AC48-4E85-906A-BB06C2DDF66F}"
EndProject
Global
	GlobalSection(SolutionConfigurationPlatforms) = preSolution
		Debug|Any CPU = Debug|Any CPU
		Release|Any CPU = Release|Any CPU
	EndGlobalSection
	GlobalSection(ProjectConfigurationPlatforms) = postSolution
		{8FBA7FA8-08CD-438A-BF6F-20D41FCBADAA}.Debug|Any CPU.ActiveCfg = Debug|Any CPU
		{8FBA7FA8-08CD-438A-BF6F-20D41FCBADAA}.Debug|Any CPU.Build.0 = Debug|Any CPU
		{8FBA7FA8-08CD-438A-BF6F-20D41FCBADAA}.Release|Any CPU.ActiveCfg = Release|Any CPU
		{8FBA7FA8-08CD-438A-BF6F-20D41FCBADAA}.Release|Any CPU.Build.0 = Release|Any CPU
		{853AE00D-A771-49D3-9108-D6B016AF0800}.Debug|Any CPU.ActiveCfg = Debug|Any CPU
		{853AE00D-A771-49D3-9108-D6B016AF0800}.Debug|Any CPU.Build.0 = Debug|Any CPU
		{853AE00D-A771-49D3-9108-D6B016AF0800}.Release|Any CPU.ActiveCfg = Release|Any CPU
		{853AE00D-A771-49D3-9108-D6B016AF0800}.Release|Any CPU.Build.0 = Release|Any CPU
		{2B859B54-E9C4-4D19-BB24-8A3E2C30B098}.Debug|Any CPU.ActiveCfg = Debug|Any CPU
		{2B859B54-E9C4-4D19-BB24-8A3E2C30B098}.Debug|Any CPU.Build.0 = Debug|Any CPU
		{2B859B54-E9C4-4D19-BB24-8A3E2C30B098}.Release|Any CPU.ActiveCfg = Release|Any CPU
		{2B859B54-E9C4-4D19-BB24-8A3E2C30B098}.Release|Any CPU.Build.0 = Release|Any CPU
		{AE1D573B-DA96-4E17-B35D-B197F7B57A9C}.Debug|Any CPU.ActiveCfg = Debug|Any CPU
		{AE1D573B-DA96-4E17-B35D-B197F7B57A9C}.Debug|Any CPU.Build.0 = Debug|Any CPU
		{AE1D573B-DA96-4E17-B35D-B197F7B57A9C}.Release|Any CPU.ActiveCfg = Release|Any CPU
		{AE1D573B-DA96-4E17-B35D-B197F7B57A9C}.Release|Any CPU.Build.0 = Release|Any CPU
		{041467BA-AC48-4E85-906A-BB06C2DDF66F}.Debug|Any CPU.ActiveCfg = Debug|Any CPU
		{041467BA-AC48-4E85-906A-BB06C2DDF66F}.Debug|Any CPU.Build.0 = Debug|Any CPU
		{041467BA-AC48-4E85-906A-BB06C2DDF66F}.Release|Any CPU.ActiveCfg = Release|Any CPU
		{041467BA-AC48-4E85-906A-BB06C2DDF66F}.Release|Any CPU.Build.0 = Release|Any CPU
	EndGlobalSection
	GlobalSection(SolutionProperties) = preSolution
		HideSolutionNode = FALSE
	EndGlobalSection
	GlobalSection(ExtensibilityGlobals) = postSolution
		SolutionGuid = {C99A613A-352A-49CC-BBB6-49DDE7D38A86}
	EndGlobalSection
EndGlobal
